
Microsoft Visual Studio Solution File, Format Version 12.00
# Visual Studio 15
VisualStudioVersion = 15.0.27004.2008
MinimumVisualStudioVersion = 10.0.40219.1
Project("{D954291E-2A0B-460D-934E-DC6B0785DB48}") = "Instagram_poc", "Instagram-poc\Instagram_poc\Instagram_poc.shproj", "{69646C5B-17BB-45CA-A555-507E98014E5C}"
EndProject
Project("{FAE04EC0-301F-11D3-BF4B-00C04F79EFBC}") = "Instagram_poc.Android", "Instagram-poc\Instagram_poc.Android\Instagram_poc.Android.csproj", "{DE8A1E93-3F61-4633-9D82-7FFDA91E7313}"
EndProject
Project("{FAE04EC0-301F-11D3-BF4B-00C04F79EFBC}") = "Instagram_poc.iOS", "Instagram-poc\Instagram_poc.iOS\Instagram_poc.iOS.csproj", "{93B5FA72-B866-49C4-BCA4-B4A2B13F3158}"
EndProject
Project("{FAE04EC0-301F-11D3-BF4B-00C04F79EFBC}") = "Instagram_poc.UWP", "Instagram-poc\Instagram_poc.UWP\Instagram_poc.UWP.csproj", "{3598AE24-0162-4A9E-BF35-A324A08F91D9}"
EndProject
Global
	GlobalSection(SharedMSBuildProjectFiles) = preSolution
		Instagram-poc\Instagram_poc\Instagram_poc.projitems*{69646c5b-17bb-45ca-a555-507e98014e5c}*SharedItemsImports = 13
		Instagram-poc\Instagram_poc\Instagram_poc.projitems*{93b5fa72-b866-49c4-bca4-b4a2b13f3158}*SharedItemsImports = 4
		Instagram-poc\Instagram_poc\Instagram_poc.projitems*{de8a1e93-3f61-4633-9d82-7ffda91e7313}*SharedItemsImports = 4
	EndGlobalSection
	GlobalSection(SolutionConfigurationPlatforms) = preSolution
		Ad-Hoc|Any CPU = Ad-Hoc|Any CPU
		Ad-Hoc|ARM = Ad-Hoc|ARM
		Ad-Hoc|iPhone = Ad-Hoc|iPhone
		Ad-Hoc|iPhoneSimulator = Ad-Hoc|iPhoneSimulator
		Ad-Hoc|x64 = Ad-Hoc|x64
		Ad-Hoc|x86 = Ad-Hoc|x86
		AppStore|Any CPU = AppStore|Any CPU
		AppStore|ARM = AppStore|ARM
		AppStore|iPhone = AppStore|iPhone
		AppStore|iPhoneSimulator = AppStore|iPhoneSimulator
		AppStore|x64 = AppStore|x64
		AppStore|x86 = AppStore|x86
		Debug|Any CPU = Debug|Any CPU
		Debug|ARM = Debug|ARM
		Debug|iPhone = Debug|iPhone
		Debug|iPhoneSimulator = Debug|iPhoneSimulator
		Debug|x64 = Debug|x64
		Debug|x86 = Debug|x86
		Release|Any CPU = Release|Any CPU
		Release|ARM = Release|ARM
		Release|iPhone = Release|iPhone
		Release|iPhoneSimulator = Release|iPhoneSimulator
		Release|x64 = Release|x64
		Release|x86 = Release|x86
	EndGlobalSection
	GlobalSection(ProjectConfigurationPlatforms) = postSolution
		{DE8A1E93-3F61-4633-9D82-7FFDA91E7313}.Ad-Hoc|Any CPU.ActiveCfg = Release|Any CPU
		{DE8A1E93-3F61-4633-9D82-7FFDA91E7313}.Ad-Hoc|Any CPU.Build.0 = Release|Any CPU
		{DE8A1E93-3F61-4633-9D82-7FFDA91E7313}.Ad-Hoc|Any CPU.Deploy.0 = Release|Any CPU
		{DE8A1E93-3F61-4633-9D82-7FFDA91E7313}.Ad-Hoc|ARM.ActiveCfg = Release|Any CPU
		{DE8A1E93-3F61-4633-9D82-7FFDA91E7313}.Ad-Hoc|ARM.Build.0 = Release|Any CPU
		{DE8A1E93-3F61-4633-9D82-7FFDA91E7313}.Ad-Hoc|ARM.Deploy.0 = Release|Any CPU
		{DE8A1E93-3F61-4633-9D82-7FFDA91E7313}.Ad-Hoc|iPhone.ActiveCfg = Release|Any CPU
		{DE8A1E93-3F61-4633-9D82-7FFDA91E7313}.Ad-Hoc|iPhone.Build.0 = Release|Any CPU
		{DE8A1E93-3F61-4633-9D82-7FFDA91E7313}.Ad-Hoc|iPhone.Deploy.0 = Release|Any CPU
		{DE8A1E93-3F61-4633-9D82-7FFDA91E7313}.Ad-Hoc|iPhoneSimulator.ActiveCfg = Release|Any CPU
		{DE8A1E93-3F61-4633-9D82-7FFDA91E7313}.Ad-Hoc|iPhoneSimulator.Build.0 = Release|Any CPU
		{DE8A1E93-3F61-4633-9D82-7FFDA91E7313}.Ad-Hoc|iPhoneSimulator.Deploy.0 = Release|Any CPU
		{DE8A1E93-3F61-4633-9D82-7FFDA91E7313}.Ad-Hoc|x64.ActiveCfg = Release|Any CPU
		{DE8A1E93-3F61-4633-9D82-7FFDA91E7313}.Ad-Hoc|x64.Build.0 = Release|Any CPU
		{DE8A1E93-3F61-4633-9D82-7FFDA91E7313}.Ad-Hoc|x64.Deploy.0 = Release|Any CPU
		{DE8A1E93-3F61-4633-9D82-7FFDA91E7313}.Ad-Hoc|x86.ActiveCfg = Release|Any CPU
		{DE8A1E93-3F61-4633-9D82-7FFDA91E7313}.Ad-Hoc|x86.Build.0 = Release|Any CPU
		{DE8A1E93-3F61-4633-9D82-7FFDA91E7313}.Ad-Hoc|x86.Deploy.0 = Release|Any CPU
		{DE8A1E93-3F61-4633-9D82-7FFDA91E7313}.AppStore|Any CPU.ActiveCfg = Release|Any CPU
		{DE8A1E93-3F61-4633-9D82-7FFDA91E7313}.AppStore|Any CPU.Build.0 = Release|Any CPU
		{DE8A1E93-3F61-4633-9D82-7FFDA91E7313}.AppStore|Any CPU.Deploy.0 = Release|Any CPU
		{DE8A1E93-3F61-4633-9D82-7FFDA91E7313}.AppStore|ARM.ActiveCfg = Release|Any CPU
		{DE8A1E93-3F61-4633-9D82-7FFDA91E7313}.AppStore|ARM.Build.0 = Release|Any CPU
		{DE8A1E93-3F61-4633-9D82-7FFDA91E7313}.AppStore|ARM.Deploy.0 = Release|Any CPU
		{DE8A1E93-3F61-4633-9D82-7FFDA91E7313}.AppStore|iPhone.ActiveCfg = Release|Any CPU
		{DE8A1E93-3F61-4633-9D82-7FFDA91E7313}.AppStore|iPhone.Build.0 = Release|Any CPU
		{DE8A1E93-3F61-4633-9D82-7FFDA91E7313}.AppStore|iPhone.Deploy.0 = Release|Any CPU
		{DE8A1E93-3F61-4633-9D82-7FFDA91E7313}.AppStore|iPhoneSimulator.ActiveCfg = Release|Any CPU
		{DE8A1E93-3F61-4633-9D82-7FFDA91E7313}.AppStore|iPhoneSimulator.Build.0 = Release|Any CPU
		{DE8A1E93-3F61-4633-9D82-7FFDA91E7313}.AppStore|iPhoneSimulator.Deploy.0 = Release|Any CPU
		{DE8A1E93-3F61-4633-9D82-7FFDA91E7313}.AppStore|x64.ActiveCfg = Release|Any CPU
		{DE8A1E93-3F61-4633-9D82-7FFDA91E7313}.AppStore|x64.Build.0 = Release|Any CPU
		{DE8A1E93-3F61-4633-9D82-7FFDA91E7313}.AppStore|x64.Deploy.0 = Release|Any CPU
		{DE8A1E93-3F61-4633-9D82-7FFDA91E7313}.AppStore|x86.ActiveCfg = Release|Any CPU
		{DE8A1E93-3F61-4633-9D82-7FFDA91E7313}.AppStore|x86.Build.0 = Release|Any CPU
		{DE8A1E93-3F61-4633-9D82-7FFDA91E7313}.AppStore|x86.Deploy.0 = Release|Any CPU
		{DE8A1E93-3F61-4633-9D82-7FFDA91E7313}.Debug|Any CPU.ActiveCfg = Debug|Any CPU
		{DE8A1E93-3F61-4633-9D82-7FFDA91E7313}.Debug|Any CPU.Build.0 = Debug|Any CPU
		{DE8A1E93-3F61-4633-9D82-7FFDA91E7313}.Debug|Any CPU.Deploy.0 = Debug|Any CPU
		{DE8A1E93-3F61-4633-9D82-7FFDA91E7313}.Debug|ARM.ActiveCfg = Debug|Any CPU
		{DE8A1E93-3F61-4633-9D82-7FFDA91E7313}.Debug|ARM.Build.0 = Debug|Any CPU
		{DE8A1E93-3F61-4633-9D82-7FFDA91E7313}.Debug|ARM.Deploy.0 = Debug|Any CPU
		{DE8A1E93-3F61-4633-9D82-7FFDA91E7313}.Debug|iPhone.ActiveCfg = Debug|Any CPU
		{DE8A1E93-3F61-4633-9D82-7FFDA91E7313}.Debug|iPhone.Build.0 = Debug|Any CPU
		{DE8A1E93-3F61-4633-9D82-7FFDA91E7313}.Debug|iPhone.Deploy.0 = Debug|Any CPU
		{DE8A1E93-3F61-4633-9D82-7FFDA91E7313}.Debug|iPhoneSimulator.ActiveCfg = Debug|Any CPU
		{DE8A1E93-3F61-4633-9D82-7FFDA91E7313}.Debug|iPhoneSimulator.Build.0 = Debug|Any CPU
		{DE8A1E93-3F61-4633-9D82-7FFDA91E7313}.Debug|iPhoneSimulator.Deploy.0 = Debug|Any CPU
		{DE8A1E93-3F61-4633-9D82-7FFDA91E7313}.Debug|x64.ActiveCfg = Debug|Any CPU
		{DE8A1E93-3F61-4633-9D82-7FFDA91E7313}.Debug|x64.Build.0 = Debug|Any CPU
		{DE8A1E93-3F61-4633-9D82-7FFDA91E7313}.Debug|x64.Deploy.0 = Debug|Any CPU
		{DE8A1E93-3F61-4633-9D82-7FFDA91E7313}.Debug|x86.ActiveCfg = Debug|Any CPU
		{DE8A1E93-3F61-4633-9D82-7FFDA91E7313}.Debug|x86.Build.0 = Debug|Any CPU
		{DE8A1E93-3F61-4633-9D82-7FFDA91E7313}.Debug|x86.Deploy.0 = Debug|Any CPU
		{DE8A1E93-3F61-4633-9D82-7FFDA91E7313}.Release|Any CPU.ActiveCfg = Release|Any CPU
		{DE8A1E93-3F61-4633-9D82-7FFDA91E7313}.Release|Any CPU.Build.0 = Release|Any CPU
		{DE8A1E93-3F61-4633-9D82-7FFDA91E7313}.Release|Any CPU.Deploy.0 = Release|Any CPU
		{DE8A1E93-3F61-4633-9D82-7FFDA91E7313}.Release|ARM.ActiveCfg = Release|Any CPU
		{DE8A1E93-3F61-4633-9D82-7FFDA91E7313}.Release|ARM.Build.0 = Release|Any CPU
		{DE8A1E93-3F61-4633-9D82-7FFDA91E7313}.Release|ARM.Deploy.0 = Release|Any CPU
		{DE8A1E93-3F61-4633-9D82-7FFDA91E7313}.Release|iPhone.ActiveCfg = Release|Any CPU
		{DE8A1E93-3F61-4633-9D82-7FFDA91E7313}.Release|iPhone.Build.0 = Release|Any CPU
		{DE8A1E93-3F61-4633-9D82-7FFDA91E7313}.Release|iPhone.Deploy.0 = Release|Any CPU
		{DE8A1E93-3F61-4633-9D82-7FFDA91E7313}.Release|iPhoneSimulator.ActiveCfg = Release|Any CPU
		{DE8A1E93-3F61-4633-9D82-7FFDA91E7313}.Release|iPhoneSimulator.Build.0 = Release|Any CPU
		{DE8A1E93-3F61-4633-9D82-7FFDA91E7313}.Release|iPhoneSimulator.Deploy.0 = Release|Any CPU
		{DE8A1E93-3F61-4633-9D82-7FFDA91E7313}.Release|x64.ActiveCfg = Release|Any CPU
		{DE8A1E93-3F61-4633-9D82-7FFDA91E7313}.Release|x64.Build.0 = Release|Any CPU
		{DE8A1E93-3F61-4633-9D82-7FFDA91E7313}.Release|x64.Deploy.0 = Release|Any CPU
		{DE8A1E93-3F61-4633-9D82-7FFDA91E7313}.Release|x86.ActiveCfg = Release|Any CPU
		{DE8A1E93-3F61-4633-9D82-7FFDA91E7313}.Release|x86.Build.0 = Release|Any CPU
		{DE8A1E93-3F61-4633-9D82-7FFDA91E7313}.Release|x86.Deploy.0 = Release|Any CPU
		{93B5FA72-B866-49C4-BCA4-B4A2B13F3158}.Ad-Hoc|Any CPU.ActiveCfg = Ad-Hoc|iPhoneSimulator
		{93B5FA72-B866-49C4-BCA4-B4A2B13F3158}.Ad-Hoc|ARM.ActiveCfg = Ad-Hoc|iPhone
		{93B5FA72-B866-49C4-BCA4-B4A2B13F3158}.Ad-Hoc|iPhone.ActiveCfg = Ad-Hoc|iPhone
		{93B5FA72-B866-49C4-BCA4-B4A2B13F3158}.Ad-Hoc|iPhone.Build.0 = Ad-Hoc|iPhone
		{93B5FA72-B866-49C4-BCA4-B4A2B13F3158}.Ad-Hoc|iPhoneSimulator.ActiveCfg = Ad-Hoc|iPhoneSimulator
		{93B5FA72-B866-49C4-BCA4-B4A2B13F3158}.Ad-Hoc|iPhoneSimulator.Build.0 = Ad-Hoc|iPhoneSimulator
		{93B5FA72-B866-49C4-BCA4-B4A2B13F3158}.Ad-Hoc|x64.ActiveCfg = Ad-Hoc|iPhone
		{93B5FA72-B866-49C4-BCA4-B4A2B13F3158}.Ad-Hoc|x86.ActiveCfg = Ad-Hoc|iPhone
		{93B5FA72-B866-49C4-BCA4-B4A2B13F3158}.AppStore|Any CPU.ActiveCfg = AppStore|iPhoneSimulator
		{93B5FA72-B866-49C4-BCA4-B4A2B13F3158}.AppStore|ARM.ActiveCfg = AppStore|iPhone
		{93B5FA72-B866-49C4-BCA4-B4A2B13F3158}.AppStore|iPhone.ActiveCfg = AppStore|iPhone
		{93B5FA72-B866-49C4-BCA4-B4A2B13F3158}.AppStore|iPhone.Build.0 = AppStore|iPhone
		{93B5FA72-B866-49C4-BCA4-B4A2B13F3158}.AppStore|iPhoneSimulator.ActiveCfg = AppStore|iPhoneSimulator
		{93B5FA72-B866-49C4-BCA4-B4A2B13F3158}.AppStore|iPhoneSimulator.Build.0 = AppStore|iPhoneSimulator
		{93B5FA72-B866-49C4-BCA4-B4A2B13F3158}.AppStore|x64.ActiveCfg = AppStore|iPhone
		{93B5FA72-B866-49C4-BCA4-B4A2B13F3158}.AppStore|x86.ActiveCfg = AppStore|iPhone
		{93B5FA72-B866-49C4-BCA4-B4A2B13F3158}.Debug|Any CPU.ActiveCfg = Debug|iPhoneSimulator
		{93B5FA72-B866-49C4-BCA4-B4A2B13F3158}.Debug|ARM.ActiveCfg = Debug|iPhone
		{93B5FA72-B866-49C4-BCA4-B4A2B13F3158}.Debug|iPhone.ActiveCfg = Debug|iPhone
		{93B5FA72-B866-49C4-BCA4-B4A2B13F3158}.Debug|iPhone.Build.0 = Debug|iPhone
		{93B5FA72-B866-49C4-BCA4-B4A2B13F3158}.Debug|iPhoneSimulator.ActiveCfg = Debug|iPhoneSimulator
		{93B5FA72-B866-49C4-BCA4-B4A2B13F3158}.Debug|iPhoneSimulator.Build.0 = Debug|iPhoneSimulator
		{93B5FA72-B866-49C4-BCA4-B4A2B13F3158}.Debug|x64.ActiveCfg = Debug|iPhone
		{93B5FA72-B866-49C4-BCA4-B4A2B13F3158}.Debug|x86.ActiveCfg = Debug|iPhone
		{93B5FA72-B866-49C4-BCA4-B4A2B13F3158}.Release|Any CPU.ActiveCfg = Release|iPhoneSimulator
		{93B5FA72-B866-49C4-BCA4-B4A2B13F3158}.Release|ARM.ActiveCfg = Release|iPhone
		{93B5FA72-B866-49C4-BCA4-B4A2B13F3158}.Release|iPhone.ActiveCfg = Release|iPhone
		{93B5FA72-B866-49C4-BCA4-B4A2B13F3158}.Release|iPhone.Build.0 = Release|iPhone
		{93B5FA72-B866-49C4-BCA4-B4A2B13F3158}.Release|iPhoneSimulator.ActiveCfg = Release|iPhoneSimulator
		{93B5FA72-B866-49C4-BCA4-B4A2B13F3158}.Release|iPhoneSimulator.Build.0 = Release|iPhoneSimulator
		{93B5FA72-B866-49C4-BCA4-B4A2B13F3158}.Release|x64.ActiveCfg = Release|iPhone
		{93B5FA72-B866-49C4-BCA4-B4A2B13F3158}.Release|x86.ActiveCfg = Release|iPhone
		{3598AE24-0162-4A9E-BF35-A324A08F91D9}.Ad-Hoc|Any CPU.ActiveCfg = Release|x86
		{3598AE24-0162-4A9E-BF35-A324A08F91D9}.Ad-Hoc|Any CPU.Build.0 = Release|x86
		{3598AE24-0162-4A9E-BF35-A324A08F91D9}.Ad-Hoc|Any CPU.Deploy.0 = Release|x86
		{3598AE24-0162-4A9E-BF35-A324A08F91D9}.Ad-Hoc|ARM.ActiveCfg = Release|ARM
		{3598AE24-0162-4A9E-BF35-A324A08F91D9}.Ad-Hoc|ARM.Build.0 = Release|ARM
		{3598AE24-0162-4A9E-BF35-A324A08F91D9}.Ad-Hoc|ARM.Deploy.0 = Release|ARM
		{3598AE24-0162-4A9E-BF35-A324A08F91D9}.Ad-Hoc|iPhone.ActiveCfg = Release|x86
		{3598AE24-0162-4A9E-BF35-A324A08F91D9}.Ad-Hoc|iPhone.Build.0 = Release|x86
		{3598AE24-0162-4A9E-BF35-A324A08F91D9}.Ad-Hoc|iPhone.Deploy.0 = Release|x86
		{3598AE24-0162-4A9E-BF35-A324A08F91D9}.Ad-Hoc|iPhoneSimulator.ActiveCfg = Release|x86
		{3598AE24-0162-4A9E-BF35-A324A08F91D9}.Ad-Hoc|iPhoneSimulator.Build.0 = Release|x86
		{3598AE24-0162-4A9E-BF35-A324A08F91D9}.Ad-Hoc|iPhoneSimulator.Deploy.0 = Release|x86
		{3598AE24-0162-4A9E-BF35-A324A08F91D9}.Ad-Hoc|x64.ActiveCfg = Release|x64
		{3598AE24-0162-4A9E-BF35-A324A08F91D9}.Ad-Hoc|x64.Build.0 = Release|x64
		{3598AE24-0162-4A9E-BF35-A324A08F91D9}.Ad-Hoc|x64.Deploy.0 = Release|x64
		{3598AE24-0162-4A9E-BF35-A324A08F91D9}.Ad-Hoc|x86.ActiveCfg = Release|x86
		{3598AE24-0162-4A9E-BF35-A324A08F91D9}.Ad-Hoc|x86.Build.0 = Release|x86
		{3598AE24-0162-4A9E-BF35-A324A08F91D9}.Ad-Hoc|x86.Deploy.0 = Release|x86
		{3598AE24-0162-4A9E-BF35-A324A08F91D9}.AppStore|Any CPU.ActiveCfg = Release|x86
		{3598AE24-0162-4A9E-BF35-A324A08F91D9}.AppStore|Any CPU.Build.0 = Release|x86
		{3598AE24-0162-4A9E-BF35-A324A08F91D9}.AppStore|Any CPU.Deploy.0 = Release|x86
		{3598AE24-0162-4A9E-BF35-A324A08F91D9}.AppStore|ARM.ActiveCfg = Release|ARM
		{3598AE24-0162-4A9E-BF35-A324A08F91D9}.AppStore|ARM.Build.0 = Release|ARM
		{3598AE24-0162-4A9E-BF35-A324A08F91D9}.AppStore|ARM.Deploy.0 = Release|ARM
		{3598AE24-0162-4A9E-BF35-A324A08F91D9}.AppStore|iPhone.ActiveCfg = Release|x86
		{3598AE24-0162-4A9E-BF35-A324A08F91D9}.AppStore|iPhone.Build.0 = Release|x86
		{3598AE24-0162-4A9E-BF35-A324A08F91D9}.AppStore|iPhone.Deploy.0 = Release|x86
		{3598AE24-0162-4A9E-BF35-A324A08F91D9}.AppStore|iPhoneSimulator.ActiveCfg = Release|x86
		{3598AE24-0162-4A9E-BF35-A324A08F91D9}.AppStore|iPhoneSimulator.Build.0 = Release|x86
		{3598AE24-0162-4A9E-BF35-A324A08F91D9}.AppStore|iPhoneSimulator.Deploy.0 = Release|x86
		{3598AE24-0162-4A9E-BF35-A324A08F91D9}.AppStore|x64.ActiveCfg = Release|x64
		{3598AE24-0162-4A9E-BF35-A324A08F91D9}.AppStore|x64.Build.0 = Release|x64
		{3598AE24-0162-4A9E-BF35-A324A08F91D9}.AppStore|x64.Deploy.0 = Release|x64
		{3598AE24-0162-4A9E-BF35-A324A08F91D9}.AppStore|x86.ActiveCfg = Release|x86
		{3598AE24-0162-4A9E-BF35-A324A08F91D9}.AppStore|x86.Build.0 = Release|x86
		{3598AE24-0162-4A9E-BF35-A324A08F91D9}.AppStore|x86.Deploy.0 = Release|x86
		{3598AE24-0162-4A9E-BF35-A324A08F91D9}.Debug|Any CPU.ActiveCfg = Debug|x86
		{3598AE24-0162-4A9E-BF35-A324A08F91D9}.Debug|ARM.ActiveCfg = Debug|ARM
		{3598AE24-0162-4A9E-BF35-A324A08F91D9}.Debug|ARM.Build.0 = Debug|ARM
		{3598AE24-0162-4A9E-BF35-A324A08F91D9}.Debug|ARM.Deploy.0 = Debug|ARM
		{3598AE24-0162-4A9E-BF35-A324A08F91D9}.Debug|iPhone.ActiveCfg = Debug|x86
		{3598AE24-0162-4A9E-BF35-A324A08F91D9}.Debug|iPhoneSimulator.ActiveCfg = Debug|x86
		{3598AE24-0162-4A9E-BF35-A324A08F91D9}.Debug|x64.ActiveCfg = Debug|x64
		{3598AE24-0162-4A9E-BF35-A324A08F91D9}.Debug|x64.Build.0 = Debug|x64
		{3598AE24-0162-4A9E-BF35-A324A08F91D9}.Debug|x64.Deploy.0 = Debug|x64
		{3598AE24-0162-4A9E-BF35-A324A08F91D9}.Debug|x86.ActiveCfg = Debug|x86
		{3598AE24-0162-4A9E-BF35-A324A08F91D9}.Debug|x86.Build.0 = Debug|x86
		{3598AE24-0162-4A9E-BF35-A324A08F91D9}.Debug|x86.Deploy.0 = Debug|x86
		{3598AE24-0162-4A9E-BF35-A324A08F91D9}.Release|Any CPU.ActiveCfg = Release|x86
		{3598AE24-0162-4A9E-BF35-A324A08F91D9}.Release|ARM.ActiveCfg = Release|ARM
		{3598AE24-0162-4A9E-BF35-A324A08F91D9}.Release|ARM.Build.0 = Release|ARM
		{3598AE24-0162-4A9E-BF35-A324A08F91D9}.Release|ARM.Deploy.0 = Release|ARM
		{3598AE24-0162-4A9E-BF35-A324A08F91D9}.Release|iPhone.ActiveCfg = Release|x86
		{3598AE24-0162-4A9E-BF35-A324A08F91D9}.Release|iPhoneSimulator.ActiveCfg = Release|x86
		{3598AE24-0162-4A9E-BF35-A324A08F91D9}.Release|x64.ActiveCfg = Release|x64
		{3598AE24-0162-4A9E-BF35-A324A08F91D9}.Release|x64.Build.0 = Release|x64
		{3598AE24-0162-4A9E-BF35-A324A08F91D9}.Release|x64.Deploy.0 = Release|x64
		{3598AE24-0162-4A9E-BF35-A324A08F91D9}.Release|x86.ActiveCfg = Release|x86
		{3598AE24-0162-4A9E-BF35-A324A08F91D9}.Release|x86.Build.0 = Release|x86
		{3598AE24-0162-4A9E-BF35-A324A08F91D9}.Release|x86.Deploy.0 = Release|x86
	EndGlobalSection
	GlobalSection(SolutionProperties) = preSolution
		HideSolutionNode = FALSE
	EndGlobalSection
	GlobalSection(ExtensibilityGlobals) = postSolution
		SolutionGuid = {551EE04C-E009-4D6A-B349-C6FBC20F35F7}
	EndGlobalSection
EndGlobal
