
Microsoft Visual Studio Solution File, Format Version 12.00
# Visual Studio 15
VisualStudioVersion = 15.0.27004.2008
MinimumVisualStudioVersion = 10.0.40219.1
Project("{9A19103F-16F7-4668-BE54-9A1E7A4F7556}") = "SettingsHelpers", "SettingsHelpers\SettingsHelpers.csproj", "{9C0DDBAA-EA90-482C-9C2E-82E19635C01F}"
EndProject
Project("{D954291E-2A0B-460D-934E-DC6B0785DB48}") = "SettingsTestApp", "SettingsTestApp\SettingsTestApp\SettingsTestApp.shproj", "{0E00D36A-FC71-4CA5-8EF5-14067A151602}"
EndProject
Project("{FAE04EC0-301F-11D3-BF4B-00C04F79EFBC}") = "SettingsTestApp.Android", "SettingsTestApp\SettingsTestApp.Android\SettingsTestApp.Android.csproj", "{41BDBC7D-A7E8-446E-9BD4-8F165D5CE12E}"
EndProject
Project("{FAE04EC0-301F-11D3-BF4B-00C04F79EFBC}") = "SettingsTestApp.iOS", "SettingsTestApp\SettingsTestApp.iOS\SettingsTestApp.iOS.csproj", "{28775EF2-FD25-4B4B-9FC9-FFAD915EF3AD}"
EndProject
Project("{FAE04EC0-301F-11D3-BF4B-00C04F79EFBC}") = "SettingsTestApp.UWP", "SettingsTestApp\SettingsTestApp.UWP\SettingsTestApp.UWP.csproj", "{BC2D3853-DC3F-4ADF-805A-92984F274B1F}"
EndProject
Global
	GlobalSection(SharedMSBuildProjectFiles) = preSolution
		SettingsTestApp\SettingsTestApp\SettingsTestApp.projitems*{0e00d36a-fc71-4ca5-8ef5-14067a151602}*SharedItemsImports = 13
		SettingsTestApp\SettingsTestApp\SettingsTestApp.projitems*{41bdbc7d-a7e8-446e-9bd4-8f165d5ce12e}*SharedItemsImports = 4
		SettingsTestApp\SettingsTestApp\SettingsTestApp.projitems*{bc2d3853-dc3f-4adf-805a-92984f274b1f}*SharedItemsImports = 4
	EndGlobalSection
	GlobalSection(SolutionConfigurationPlatforms) = preSolution
		Ad-Hoc|Any CPU = Ad-Hoc|Any CPU
		Ad-Hoc|ARM = Ad-Hoc|ARM
		Ad-Hoc|iPhone = Ad-Hoc|iPhone
		Ad-Hoc|iPhoneSimulator = Ad-Hoc|iPhoneSimulator
		Ad-Hoc|x64 = Ad-Hoc|x64
		Ad-Hoc|x86 = Ad-Hoc|x86
		AppStore|Any CPU = AppStore|Any CPU
		AppStore|ARM = AppStore|ARM
		AppStore|iPhone = AppStore|iPhone
		AppStore|iPhoneSimulator = AppStore|iPhoneSimulator
		AppStore|x64 = AppStore|x64
		AppStore|x86 = AppStore|x86
		Debug|Any CPU = Debug|Any CPU
		Debug|ARM = Debug|ARM
		Debug|iPhone = Debug|iPhone
		Debug|iPhoneSimulator = Debug|iPhoneSimulator
		Debug|x64 = Debug|x64
		Debug|x86 = Debug|x86
		Release|Any CPU = Release|Any CPU
		Release|ARM = Release|ARM
		Release|iPhone = Release|iPhone
		Release|iPhoneSimulator = Release|iPhoneSimulator
		Release|x64 = Release|x64
		Release|x86 = Release|x86
	EndGlobalSection
	GlobalSection(ProjectConfigurationPlatforms) = postSolution
		{9C0DDBAA-EA90-482C-9C2E-82E19635C01F}.Ad-Hoc|Any CPU.ActiveCfg = Debug|Any CPU
		{9C0DDBAA-EA90-482C-9C2E-82E19635C01F}.Ad-Hoc|Any CPU.Build.0 = Debug|Any CPU
		{9C0DDBAA-EA90-482C-9C2E-82E19635C01F}.Ad-Hoc|ARM.ActiveCfg = Debug|Any CPU
		{9C0DDBAA-EA90-482C-9C2E-82E19635C01F}.Ad-Hoc|ARM.Build.0 = Debug|Any CPU
		{9C0DDBAA-EA90-482C-9C2E-82E19635C01F}.Ad-Hoc|iPhone.ActiveCfg = Debug|Any CPU
		{9C0DDBAA-EA90-482C-9C2E-82E19635C01F}.Ad-Hoc|iPhone.Build.0 = Debug|Any CPU
		{9C0DDBAA-EA90-482C-9C2E-82E19635C01F}.Ad-Hoc|iPhoneSimulator.ActiveCfg = Debug|Any CPU
		{9C0DDBAA-EA90-482C-9C2E-82E19635C01F}.Ad-Hoc|iPhoneSimulator.Build.0 = Debug|Any CPU
		{9C0DDBAA-EA90-482C-9C2E-82E19635C01F}.Ad-Hoc|x64.ActiveCfg = Debug|Any CPU
		{9C0DDBAA-EA90-482C-9C2E-82E19635C01F}.Ad-Hoc|x64.Build.0 = Debug|Any CPU
		{9C0DDBAA-EA90-482C-9C2E-82E19635C01F}.Ad-Hoc|x86.ActiveCfg = Debug|Any CPU
		{9C0DDBAA-EA90-482C-9C2E-82E19635C01F}.Ad-Hoc|x86.Build.0 = Debug|Any CPU
		{9C0DDBAA-EA90-482C-9C2E-82E19635C01F}.AppStore|Any CPU.ActiveCfg = Debug|Any CPU
		{9C0DDBAA-EA90-482C-9C2E-82E19635C01F}.AppStore|Any CPU.Build.0 = Debug|Any CPU
		{9C0DDBAA-EA90-482C-9C2E-82E19635C01F}.AppStore|ARM.ActiveCfg = Debug|Any CPU
		{9C0DDBAA-EA90-482C-9C2E-82E19635C01F}.AppStore|ARM.Build.0 = Debug|Any CPU
		{9C0DDBAA-EA90-482C-9C2E-82E19635C01F}.AppStore|iPhone.ActiveCfg = Debug|Any CPU
		{9C0DDBAA-EA90-482C-9C2E-82E19635C01F}.AppStore|iPhone.Build.0 = Debug|Any CPU
		{9C0DDBAA-EA90-482C-9C2E-82E19635C01F}.AppStore|iPhoneSimulator.ActiveCfg = Debug|Any CPU
		{9C0DDBAA-EA90-482C-9C2E-82E19635C01F}.AppStore|iPhoneSimulator.Build.0 = Debug|Any CPU
		{9C0DDBAA-EA90-482C-9C2E-82E19635C01F}.AppStore|x64.ActiveCfg = Debug|Any CPU
		{9C0DDBAA-EA90-482C-9C2E-82E19635C01F}.AppStore|x64.Build.0 = Debug|Any CPU
		{9C0DDBAA-EA90-482C-9C2E-82E19635C01F}.AppStore|x86.ActiveCfg = Debug|Any CPU
		{9C0DDBAA-EA90-482C-9C2E-82E19635C01F}.AppStore|x86.Build.0 = Debug|Any CPU
		{9C0DDBAA-EA90-482C-9C2E-82E19635C01F}.Debug|Any CPU.ActiveCfg = Debug|Any CPU
		{9C0DDBAA-EA90-482C-9C2E-82E19635C01F}.Debug|Any CPU.Build.0 = Debug|Any CPU
		{9C0DDBAA-EA90-482C-9C2E-82E19635C01F}.Debug|ARM.ActiveCfg = Debug|Any CPU
		{9C0DDBAA-EA90-482C-9C2E-82E19635C01F}.Debug|ARM.Build.0 = Debug|Any CPU
		{9C0DDBAA-EA90-482C-9C2E-82E19635C01F}.Debug|iPhone.ActiveCfg = Debug|Any CPU
		{9C0DDBAA-EA90-482C-9C2E-82E19635C01F}.Debug|iPhone.Build.0 = Debug|Any CPU
		{9C0DDBAA-EA90-482C-9C2E-82E19635C01F}.Debug|iPhoneSimulator.ActiveCfg = Debug|Any CPU
		{9C0DDBAA-EA90-482C-9C2E-82E19635C01F}.Debug|iPhoneSimulator.Build.0 = Debug|Any CPU
		{9C0DDBAA-EA90-482C-9C2E-82E19635C01F}.Debug|x64.ActiveCfg = Debug|Any CPU
		{9C0DDBAA-EA90-482C-9C2E-82E19635C01F}.Debug|x64.Build.0 = Debug|Any CPU
		{9C0DDBAA-EA90-482C-9C2E-82E19635C01F}.Debug|x86.ActiveCfg = Debug|Any CPU
		{9C0DDBAA-EA90-482C-9C2E-82E19635C01F}.Debug|x86.Build.0 = Debug|Any CPU
		{9C0DDBAA-EA90-482C-9C2E-82E19635C01F}.Release|Any CPU.ActiveCfg = Release|Any CPU
		{9C0DDBAA-EA90-482C-9C2E-82E19635C01F}.Release|Any CPU.Build.0 = Release|Any CPU
		{9C0DDBAA-EA90-482C-9C2E-82E19635C01F}.Release|ARM.ActiveCfg = Release|Any CPU
		{9C0DDBAA-EA90-482C-9C2E-82E19635C01F}.Release|ARM.Build.0 = Release|Any CPU
		{9C0DDBAA-EA90-482C-9C2E-82E19635C01F}.Release|iPhone.ActiveCfg = Release|Any CPU
		{9C0DDBAA-EA90-482C-9C2E-82E19635C01F}.Release|iPhone.Build.0 = Release|Any CPU
		{9C0DDBAA-EA90-482C-9C2E-82E19635C01F}.Release|iPhoneSimulator.ActiveCfg = Release|Any CPU
		{9C0DDBAA-EA90-482C-9C2E-82E19635C01F}.Release|iPhoneSimulator.Build.0 = Release|Any CPU
		{9C0DDBAA-EA90-482C-9C2E-82E19635C01F}.Release|x64.ActiveCfg = Release|Any CPU
		{9C0DDBAA-EA90-482C-9C2E-82E19635C01F}.Release|x64.Build.0 = Release|Any CPU
		{9C0DDBAA-EA90-482C-9C2E-82E19635C01F}.Release|x86.ActiveCfg = Release|Any CPU
		{9C0DDBAA-EA90-482C-9C2E-82E19635C01F}.Release|x86.Build.0 = Release|Any CPU
		{41BDBC7D-A7E8-446E-9BD4-8F165D5CE12E}.Ad-Hoc|Any CPU.ActiveCfg = Release|Any CPU
		{41BDBC7D-A7E8-446E-9BD4-8F165D5CE12E}.Ad-Hoc|Any CPU.Build.0 = Release|Any CPU
		{41BDBC7D-A7E8-446E-9BD4-8F165D5CE12E}.Ad-Hoc|Any CPU.Deploy.0 = Release|Any CPU
		{41BDBC7D-A7E8-446E-9BD4-8F165D5CE12E}.Ad-Hoc|ARM.ActiveCfg = Release|Any CPU
		{41BDBC7D-A7E8-446E-9BD4-8F165D5CE12E}.Ad-Hoc|ARM.Build.0 = Release|Any CPU
		{41BDBC7D-A7E8-446E-9BD4-8F165D5CE12E}.Ad-Hoc|ARM.Deploy.0 = Release|Any CPU
		{41BDBC7D-A7E8-446E-9BD4-8F165D5CE12E}.Ad-Hoc|iPhone.ActiveCfg = Release|Any CPU
		{41BDBC7D-A7E8-446E-9BD4-8F165D5CE12E}.Ad-Hoc|iPhone.Build.0 = Release|Any CPU
		{41BDBC7D-A7E8-446E-9BD4-8F165D5CE12E}.Ad-Hoc|iPhone.Deploy.0 = Release|Any CPU
		{41BDBC7D-A7E8-446E-9BD4-8F165D5CE12E}.Ad-Hoc|iPhoneSimulator.ActiveCfg = Release|Any CPU
		{41BDBC7D-A7E8-446E-9BD4-8F165D5CE12E}.Ad-Hoc|iPhoneSimulator.Build.0 = Release|Any CPU
		{41BDBC7D-A7E8-446E-9BD4-8F165D5CE12E}.Ad-Hoc|iPhoneSimulator.Deploy.0 = Release|Any CPU
		{41BDBC7D-A7E8-446E-9BD4-8F165D5CE12E}.Ad-Hoc|x64.ActiveCfg = Release|Any CPU
		{41BDBC7D-A7E8-446E-9BD4-8F165D5CE12E}.Ad-Hoc|x64.Build.0 = Release|Any CPU
		{41BDBC7D-A7E8-446E-9BD4-8F165D5CE12E}.Ad-Hoc|x64.Deploy.0 = Release|Any CPU
		{41BDBC7D-A7E8-446E-9BD4-8F165D5CE12E}.Ad-Hoc|x86.ActiveCfg = Release|Any CPU
		{41BDBC7D-A7E8-446E-9BD4-8F165D5CE12E}.Ad-Hoc|x86.Build.0 = Release|Any CPU
		{41BDBC7D-A7E8-446E-9BD4-8F165D5CE12E}.Ad-Hoc|x86.Deploy.0 = Release|Any CPU
		{41BDBC7D-A7E8-446E-9BD4-8F165D5CE12E}.AppStore|Any CPU.ActiveCfg = Release|Any CPU
		{41BDBC7D-A7E8-446E-9BD4-8F165D5CE12E}.AppStore|Any CPU.Build.0 = Release|Any CPU
		{41BDBC7D-A7E8-446E-9BD4-8F165D5CE12E}.AppStore|Any CPU.Deploy.0 = Release|Any CPU
		{41BDBC7D-A7E8-446E-9BD4-8F165D5CE12E}.AppStore|ARM.ActiveCfg = Release|Any CPU
		{41BDBC7D-A7E8-446E-9BD4-8F165D5CE12E}.AppStore|ARM.Build.0 = Release|Any CPU
		{41BDBC7D-A7E8-446E-9BD4-8F165D5CE12E}.AppStore|ARM.Deploy.0 = Release|Any CPU
		{41BDBC7D-A7E8-446E-9BD4-8F165D5CE12E}.AppStore|iPhone.ActiveCfg = Release|Any CPU
		{41BDBC7D-A7E8-446E-9BD4-8F165D5CE12E}.AppStore|iPhone.Build.0 = Release|Any CPU
		{41BDBC7D-A7E8-446E-9BD4-8F165D5CE12E}.AppStore|iPhone.Deploy.0 = Release|Any CPU
		{41BDBC7D-A7E8-446E-9BD4-8F165D5CE12E}.AppStore|iPhoneSimulator.ActiveCfg = Release|Any CPU
		{41BDBC7D-A7E8-446E-9BD4-8F165D5CE12E}.AppStore|iPhoneSimulator.Build.0 = Release|Any CPU
		{41BDBC7D-A7E8-446E-9BD4-8F165D5CE12E}.AppStore|iPhoneSimulator.Deploy.0 = Release|Any CPU
		{41BDBC7D-A7E8-446E-9BD4-8F165D5CE12E}.AppStore|x64.ActiveCfg = Release|Any CPU
		{41BDBC7D-A7E8-446E-9BD4-8F165D5CE12E}.AppStore|x64.Build.0 = Release|Any CPU
		{41BDBC7D-A7E8-446E-9BD4-8F165D5CE12E}.AppStore|x64.Deploy.0 = Release|Any CPU
		{41BDBC7D-A7E8-446E-9BD4-8F165D5CE12E}.AppStore|x86.ActiveCfg = Release|Any CPU
		{41BDBC7D-A7E8-446E-9BD4-8F165D5CE12E}.AppStore|x86.Build.0 = Release|Any CPU
		{41BDBC7D-A7E8-446E-9BD4-8F165D5CE12E}.AppStore|x86.Deploy.0 = Release|Any CPU
		{41BDBC7D-A7E8-446E-9BD4-8F165D5CE12E}.Debug|Any CPU.ActiveCfg = Debug|Any CPU
		{41BDBC7D-A7E8-446E-9BD4-8F165D5CE12E}.Debug|Any CPU.Build.0 = Debug|Any CPU
		{41BDBC7D-A7E8-446E-9BD4-8F165D5CE12E}.Debug|Any CPU.Deploy.0 = Debug|Any CPU
		{41BDBC7D-A7E8-446E-9BD4-8F165D5CE12E}.Debug|ARM.ActiveCfg = Debug|Any CPU
		{41BDBC7D-A7E8-446E-9BD4-8F165D5CE12E}.Debug|ARM.Build.0 = Debug|Any CPU
		{41BDBC7D-A7E8-446E-9BD4-8F165D5CE12E}.Debug|ARM.Deploy.0 = Debug|Any CPU
		{41BDBC7D-A7E8-446E-9BD4-8F165D5CE12E}.Debug|iPhone.ActiveCfg = Debug|Any CPU
		{41BDBC7D-A7E8-446E-9BD4-8F165D5CE12E}.Debug|iPhone.Build.0 = Debug|Any CPU
		{41BDBC7D-A7E8-446E-9BD4-8F165D5CE12E}.Debug|iPhone.Deploy.0 = Debug|Any CPU
		{41BDBC7D-A7E8-446E-9BD4-8F165D5CE12E}.Debug|iPhoneSimulator.ActiveCfg = Debug|Any CPU
		{41BDBC7D-A7E8-446E-9BD4-8F165D5CE12E}.Debug|iPhoneSimulator.Build.0 = Debug|Any CPU
		{41BDBC7D-A7E8-446E-9BD4-8F165D5CE12E}.Debug|iPhoneSimulator.Deploy.0 = Debug|Any CPU
		{41BDBC7D-A7E8-446E-9BD4-8F165D5CE12E}.Debug|x64.ActiveCfg = Debug|Any CPU
		{41BDBC7D-A7E8-446E-9BD4-8F165D5CE12E}.Debug|x64.Build.0 = Debug|Any CPU
		{41BDBC7D-A7E8-446E-9BD4-8F165D5CE12E}.Debug|x64.Deploy.0 = Debug|Any CPU
		{41BDBC7D-A7E8-446E-9BD4-8F165D5CE12E}.Debug|x86.ActiveCfg = Debug|Any CPU
		{41BDBC7D-A7E8-446E-9BD4-8F165D5CE12E}.Debug|x86.Build.0 = Debug|Any CPU
		{41BDBC7D-A7E8-446E-9BD4-8F165D5CE12E}.Debug|x86.Deploy.0 = Debug|Any CPU
		{41BDBC7D-A7E8-446E-9BD4-8F165D5CE12E}.Release|Any CPU.ActiveCfg = Release|Any CPU
		{41BDBC7D-A7E8-446E-9BD4-8F165D5CE12E}.Release|Any CPU.Build.0 = Release|Any CPU
		{41BDBC7D-A7E8-446E-9BD4-8F165D5CE12E}.Release|Any CPU.Deploy.0 = Release|Any CPU
		{41BDBC7D-A7E8-446E-9BD4-8F165D5CE12E}.Release|ARM.ActiveCfg = Release|Any CPU
		{41BDBC7D-A7E8-446E-9BD4-8F165D5CE12E}.Release|ARM.Build.0 = Release|Any CPU
		{41BDBC7D-A7E8-446E-9BD4-8F165D5CE12E}.Release|ARM.Deploy.0 = Release|Any CPU
		{41BDBC7D-A7E8-446E-9BD4-8F165D5CE12E}.Release|iPhone.ActiveCfg = Release|Any CPU
		{41BDBC7D-A7E8-446E-9BD4-8F165D5CE12E}.Release|iPhone.Build.0 = Release|Any CPU
		{41BDBC7D-A7E8-446E-9BD4-8F165D5CE12E}.Release|iPhone.Deploy.0 = Release|Any CPU
		{41BDBC7D-A7E8-446E-9BD4-8F165D5CE12E}.Release|iPhoneSimulator.ActiveCfg = Release|Any CPU
		{41BDBC7D-A7E8-446E-9BD4-8F165D5CE12E}.Release|iPhoneSimulator.Build.0 = Release|Any CPU
		{41BDBC7D-A7E8-446E-9BD4-8F165D5CE12E}.Release|iPhoneSimulator.Deploy.0 = Release|Any CPU
		{41BDBC7D-A7E8-446E-9BD4-8F165D5CE12E}.Release|x64.ActiveCfg = Release|Any CPU
		{41BDBC7D-A7E8-446E-9BD4-8F165D5CE12E}.Release|x64.Build.0 = Release|Any CPU
		{41BDBC7D-A7E8-446E-9BD4-8F165D5CE12E}.Release|x64.Deploy.0 = Release|Any CPU
		{41BDBC7D-A7E8-446E-9BD4-8F165D5CE12E}.Release|x86.ActiveCfg = Release|Any CPU
		{41BDBC7D-A7E8-446E-9BD4-8F165D5CE12E}.Release|x86.Build.0 = Release|Any CPU
		{41BDBC7D-A7E8-446E-9BD4-8F165D5CE12E}.Release|x86.Deploy.0 = Release|Any CPU
		{28775EF2-FD25-4B4B-9FC9-FFAD915EF3AD}.Ad-Hoc|Any CPU.ActiveCfg = Ad-Hoc|iPhoneSimulator
		{28775EF2-FD25-4B4B-9FC9-FFAD915EF3AD}.Ad-Hoc|ARM.ActiveCfg = Ad-Hoc|iPhone
		{28775EF2-FD25-4B4B-9FC9-FFAD915EF3AD}.Ad-Hoc|iPhone.ActiveCfg = Ad-Hoc|iPhone
		{28775EF2-FD25-4B4B-9FC9-FFAD915EF3AD}.Ad-Hoc|iPhone.Build.0 = Ad-Hoc|iPhone
		{28775EF2-FD25-4B4B-9FC9-FFAD915EF3AD}.Ad-Hoc|iPhoneSimulator.ActiveCfg = Ad-Hoc|iPhoneSimulator
		{28775EF2-FD25-4B4B-9FC9-FFAD915EF3AD}.Ad-Hoc|iPhoneSimulator.Build.0 = Ad-Hoc|iPhoneSimulator
		{28775EF2-FD25-4B4B-9FC9-FFAD915EF3AD}.Ad-Hoc|x64.ActiveCfg = Ad-Hoc|iPhone
		{28775EF2-FD25-4B4B-9FC9-FFAD915EF3AD}.Ad-Hoc|x86.ActiveCfg = Ad-Hoc|iPhone
		{28775EF2-FD25-4B4B-9FC9-FFAD915EF3AD}.AppStore|Any CPU.ActiveCfg = AppStore|iPhoneSimulator
		{28775EF2-FD25-4B4B-9FC9-FFAD915EF3AD}.AppStore|ARM.ActiveCfg = AppStore|iPhone
		{28775EF2-FD25-4B4B-9FC9-FFAD915EF3AD}.AppStore|iPhone.ActiveCfg = AppStore|iPhone
		{28775EF2-FD25-4B4B-9FC9-FFAD915EF3AD}.AppStore|iPhone.Build.0 = AppStore|iPhone
		{28775EF2-FD25-4B4B-9FC9-FFAD915EF3AD}.AppStore|iPhoneSimulator.ActiveCfg = AppStore|iPhoneSimulator
		{28775EF2-FD25-4B4B-9FC9-FFAD915EF3AD}.AppStore|iPhoneSimulator.Build.0 = AppStore|iPhoneSimulator
		{28775EF2-FD25-4B4B-9FC9-FFAD915EF3AD}.AppStore|x64.ActiveCfg = AppStore|iPhone
		{28775EF2-FD25-4B4B-9FC9-FFAD915EF3AD}.AppStore|x86.ActiveCfg = AppStore|iPhone
		{28775EF2-FD25-4B4B-9FC9-FFAD915EF3AD}.Debug|Any CPU.ActiveCfg = Debug|iPhoneSimulator
		{28775EF2-FD25-4B4B-9FC9-FFAD915EF3AD}.Debug|ARM.ActiveCfg = Debug|iPhone
		{28775EF2-FD25-4B4B-9FC9-FFAD915EF3AD}.Debug|iPhone.ActiveCfg = Debug|iPhone
		{28775EF2-FD25-4B4B-9FC9-FFAD915EF3AD}.Debug|iPhone.Build.0 = Debug|iPhone
		{28775EF2-FD25-4B4B-9FC9-FFAD915EF3AD}.Debug|iPhoneSimulator.ActiveCfg = Debug|iPhoneSimulator
		{28775EF2-FD25-4B4B-9FC9-FFAD915EF3AD}.Debug|iPhoneSimulator.Build.0 = Debug|iPhoneSimulator
		{28775EF2-FD25-4B4B-9FC9-FFAD915EF3AD}.Debug|x64.ActiveCfg = Debug|iPhone
		{28775EF2-FD25-4B4B-9FC9-FFAD915EF3AD}.Debug|x86.ActiveCfg = Debug|iPhone
		{28775EF2-FD25-4B4B-9FC9-FFAD915EF3AD}.Release|Any CPU.ActiveCfg = Release|iPhoneSimulator
		{28775EF2-FD25-4B4B-9FC9-FFAD915EF3AD}.Release|ARM.ActiveCfg = Release|iPhone
		{28775EF2-FD25-4B4B-9FC9-FFAD915EF3AD}.Release|iPhone.ActiveCfg = Release|iPhone
		{28775EF2-FD25-4B4B-9FC9-FFAD915EF3AD}.Release|iPhone.Build.0 = Release|iPhone
		{28775EF2-FD25-4B4B-9FC9-FFAD915EF3AD}.Release|iPhoneSimulator.ActiveCfg = Release|iPhoneSimulator
		{28775EF2-FD25-4B4B-9FC9-FFAD915EF3AD}.Release|iPhoneSimulator.Build.0 = Release|iPhoneSimulator
		{28775EF2-FD25-4B4B-9FC9-FFAD915EF3AD}.Release|x64.ActiveCfg = Release|iPhone
		{28775EF2-FD25-4B4B-9FC9-FFAD915EF3AD}.Release|x86.ActiveCfg = Release|iPhone
		{BC2D3853-DC3F-4ADF-805A-92984F274B1F}.Ad-Hoc|Any CPU.ActiveCfg = Release|x86
		{BC2D3853-DC3F-4ADF-805A-92984F274B1F}.Ad-Hoc|Any CPU.Build.0 = Release|x86
		{BC2D3853-DC3F-4ADF-805A-92984F274B1F}.Ad-Hoc|Any CPU.Deploy.0 = Release|x86
		{BC2D3853-DC3F-4ADF-805A-92984F274B1F}.Ad-Hoc|ARM.ActiveCfg = Release|ARM
		{BC2D3853-DC3F-4ADF-805A-92984F274B1F}.Ad-Hoc|ARM.Build.0 = Release|ARM
		{BC2D3853-DC3F-4ADF-805A-92984F274B1F}.Ad-Hoc|ARM.Deploy.0 = Release|ARM
		{BC2D3853-DC3F-4ADF-805A-92984F274B1F}.Ad-Hoc|iPhone.ActiveCfg = Release|x86
		{BC2D3853-DC3F-4ADF-805A-92984F274B1F}.Ad-Hoc|iPhone.Build.0 = Release|x86
		{BC2D3853-DC3F-4ADF-805A-92984F274B1F}.Ad-Hoc|iPhone.Deploy.0 = Release|x86
		{BC2D3853-DC3F-4ADF-805A-92984F274B1F}.Ad-Hoc|iPhoneSimulator.ActiveCfg = Release|x86
		{BC2D3853-DC3F-4ADF-805A-92984F274B1F}.Ad-Hoc|iPhoneSimulator.Build.0 = Release|x86
		{BC2D3853-DC3F-4ADF-805A-92984F274B1F}.Ad-Hoc|iPhoneSimulator.Deploy.0 = Release|x86
		{BC2D3853-DC3F-4ADF-805A-92984F274B1F}.Ad-Hoc|x64.ActiveCfg = Release|x64
		{BC2D3853-DC3F-4ADF-805A-92984F274B1F}.Ad-Hoc|x64.Build.0 = Release|x64
		{BC2D3853-DC3F-4ADF-805A-92984F274B1F}.Ad-Hoc|x64.Deploy.0 = Release|x64
		{BC2D3853-DC3F-4ADF-805A-92984F274B1F}.Ad-Hoc|x86.ActiveCfg = Release|x86
		{BC2D3853-DC3F-4ADF-805A-92984F274B1F}.Ad-Hoc|x86.Build.0 = Release|x86
		{BC2D3853-DC3F-4ADF-805A-92984F274B1F}.Ad-Hoc|x86.Deploy.0 = Release|x86
		{BC2D3853-DC3F-4ADF-805A-92984F274B1F}.AppStore|Any CPU.ActiveCfg = Release|x86
		{BC2D3853-DC3F-4ADF-805A-92984F274B1F}.AppStore|Any CPU.Build.0 = Release|x86
		{BC2D3853-DC3F-4ADF-805A-92984F274B1F}.AppStore|Any CPU.Deploy.0 = Release|x86
		{BC2D3853-DC3F-4ADF-805A-92984F274B1F}.AppStore|ARM.ActiveCfg = Release|ARM
		{BC2D3853-DC3F-4ADF-805A-92984F274B1F}.AppStore|ARM.Build.0 = Release|ARM
		{BC2D3853-DC3F-4ADF-805A-92984F274B1F}.AppStore|ARM.Deploy.0 = Release|ARM
		{BC2D3853-DC3F-4ADF-805A-92984F274B1F}.AppStore|iPhone.ActiveCfg = Release|x86
		{BC2D3853-DC3F-4ADF-805A-92984F274B1F}.AppStore|iPhone.Build.0 = Release|x86
		{BC2D3853-DC3F-4ADF-805A-92984F274B1F}.AppStore|iPhone.Deploy.0 = Release|x86
		{BC2D3853-DC3F-4ADF-805A-92984F274B1F}.AppStore|iPhoneSimulator.ActiveCfg = Release|x86
		{BC2D3853-DC3F-4ADF-805A-92984F274B1F}.AppStore|iPhoneSimulator.Build.0 = Release|x86
		{BC2D3853-DC3F-4ADF-805A-92984F274B1F}.AppStore|iPhoneSimulator.Deploy.0 = Release|x86
		{BC2D3853-DC3F-4ADF-805A-92984F274B1F}.AppStore|x64.ActiveCfg = Release|x64
		{BC2D3853-DC3F-4ADF-805A-92984F274B1F}.AppStore|x64.Build.0 = Release|x64
		{BC2D3853-DC3F-4ADF-805A-92984F274B1F}.AppStore|x64.Deploy.0 = Release|x64
		{BC2D3853-DC3F-4ADF-805A-92984F274B1F}.AppStore|x86.ActiveCfg = Release|x86
		{BC2D3853-DC3F-4ADF-805A-92984F274B1F}.AppStore|x86.Build.0 = Release|x86
		{BC2D3853-DC3F-4ADF-805A-92984F274B1F}.AppStore|x86.Deploy.0 = Release|x86
		{BC2D3853-DC3F-4ADF-805A-92984F274B1F}.Debug|Any CPU.ActiveCfg = Debug|x86
		{BC2D3853-DC3F-4ADF-805A-92984F274B1F}.Debug|ARM.ActiveCfg = Debug|ARM
		{BC2D3853-DC3F-4ADF-805A-92984F274B1F}.Debug|ARM.Build.0 = Debug|ARM
		{BC2D3853-DC3F-4ADF-805A-92984F274B1F}.Debug|ARM.Deploy.0 = Debug|ARM
		{BC2D3853-DC3F-4ADF-805A-92984F274B1F}.Debug|iPhone.ActiveCfg = Debug|x86
		{BC2D3853-DC3F-4ADF-805A-92984F274B1F}.Debug|iPhoneSimulator.ActiveCfg = Debug|x86
		{BC2D3853-DC3F-4ADF-805A-92984F274B1F}.Debug|x64.ActiveCfg = Debug|x64
		{BC2D3853-DC3F-4ADF-805A-92984F274B1F}.Debug|x64.Build.0 = Debug|x64
		{BC2D3853-DC3F-4ADF-805A-92984F274B1F}.Debug|x64.Deploy.0 = Debug|x64
		{BC2D3853-DC3F-4ADF-805A-92984F274B1F}.Debug|x86.ActiveCfg = Debug|x86
		{BC2D3853-DC3F-4ADF-805A-92984F274B1F}.Debug|x86.Build.0 = Debug|x86
		{BC2D3853-DC3F-4ADF-805A-92984F274B1F}.Debug|x86.Deploy.0 = Debug|x86
		{BC2D3853-DC3F-4ADF-805A-92984F274B1F}.Release|Any CPU.ActiveCfg = Release|x86
		{BC2D3853-DC3F-4ADF-805A-92984F274B1F}.Release|ARM.ActiveCfg = Release|ARM
		{BC2D3853-DC3F-4ADF-805A-92984F274B1F}.Release|ARM.Build.0 = Release|ARM
		{BC2D3853-DC3F-4ADF-805A-92984F274B1F}.Release|ARM.Deploy.0 = Release|ARM
		{BC2D3853-DC3F-4ADF-805A-92984F274B1F}.Release|iPhone.ActiveCfg = Release|x86
		{BC2D3853-DC3F-4ADF-805A-92984F274B1F}.Release|iPhoneSimulator.ActiveCfg = Release|x86
		{BC2D3853-DC3F-4ADF-805A-92984F274B1F}.Release|x64.ActiveCfg = Release|x64
		{BC2D3853-DC3F-4ADF-805A-92984F274B1F}.Release|x64.Build.0 = Release|x64
		{BC2D3853-DC3F-4ADF-805A-92984F274B1F}.Release|x64.Deploy.0 = Release|x64
		{BC2D3853-DC3F-4ADF-805A-92984F274B1F}.Release|x86.ActiveCfg = Release|x86
		{BC2D3853-DC3F-4ADF-805A-92984F274B1F}.Release|x86.Build.0 = Release|x86
		{BC2D3853-DC3F-4ADF-805A-92984F274B1F}.Release|x86.Deploy.0 = Release|x86
	EndGlobalSection
	GlobalSection(SolutionProperties) = preSolution
		HideSolutionNode = FALSE
	EndGlobalSection
	GlobalSection(ExtensibilityGlobals) = postSolution
		SolutionGuid = {A7E6D579-4083-423F-AB84-2FFB5AFEE77A}
	EndGlobalSection
EndGlobal
